
Microsoft Visual Studio Solution File, Format Version 12.00
# Visual Studio Version 16
VisualStudioVersion = 16.0.30611.23
MinimumVisualStudioVersion = 10.0.40219.1
Project("{9A19103F-16F7-4668-BE54-9A1E7A4F7556}") = "RazerPageGeneral", "RazerPageGeneral\RazerPageGeneral.csproj", "{FD9733F9-D1E5-464A-87A2-82D011275263}"
EndProject
Project("{9A19103F-16F7-4668-BE54-9A1E7A4F7556}") = "RazorPagesLessons.Models", "RazorPagesLessons.Models\RazorPagesLessons.Models.csproj", "{42543A22-4315-4A03-BF34-77766804CCC0}"
EndProject
Project("{9A19103F-16F7-4668-BE54-9A1E7A4F7556}") = "RazorPagesLessons.Services", "RazorPagesLessons.Services\RazorPagesLessons.Services.csproj", "{590081FA-9163-4917-B0E7-0C7BBDD0F989}"
EndProject
Global
	GlobalSection(SolutionConfigurationPlatforms) = preSolution
		Debug|Any CPU = Debug|Any CPU
		Release|Any CPU = Release|Any CPU
	EndGlobalSection
	GlobalSection(ProjectConfigurationPlatforms) = postSolution
		{FD9733F9-D1E5-464A-87A2-82D011275263}.Debug|Any CPU.ActiveCfg = Debug|Any CPU
		{FD9733F9-D1E5-464A-87A2-82D011275263}.Debug|Any CPU.Build.0 = Debug|Any CPU
		{FD9733F9-D1E5-464A-87A2-82D011275263}.Release|Any CPU.ActiveCfg = Release|Any CPU
		{FD9733F9-D1E5-464A-87A2-82D011275263}.Release|Any CPU.Build.0 = Release|Any CPU
		{42543A22-4315-4A03-BF34-77766804CCC0}.Debug|Any CPU.ActiveCfg = Debug|Any CPU
		{42543A22-4315-4A03-BF34-77766804CCC0}.Debug|Any CPU.Build.0 = Debug|Any CPU
		{42543A22-4315-4A03-BF34-77766804CCC0}.Release|Any CPU.ActiveCfg = Release|Any CPU
		{42543A22-4315-4A03-BF34-77766804CCC0}.Release|Any CPU.Build.0 = Release|Any CPU
		{590081FA-9163-4917-B0E7-0C7BBDD0F989}.Debug|Any CPU.ActiveCfg = Debug|Any CPU
		{590081FA-9163-4917-B0E7-0C7BBDD0F989}.Debug|Any CPU.Build.0 = Debug|Any CPU
		{590081FA-9163-4917-B0E7-0C7BBDD0F989}.Release|Any CPU.ActiveCfg = Release|Any CPU
		{590081FA-9163-4917-B0E7-0C7BBDD0F989}.Release|Any CPU.Build.0 = Release|Any CPU
	EndGlobalSection
	GlobalSection(SolutionProperties) = preSolution
		HideSolutionNode = FALSE
	EndGlobalSection
	GlobalSection(ExtensibilityGlobals) = postSolution
		SolutionGuid = {1D85818B-FA44-419A-AC92-7BAF3CB07BAC}
	EndGlobalSection
EndGlobal
